
Microsoft Visual Studio Solution File, Format Version 12.00
# Visual Studio 2013
VisualStudioVersion = 12.0.21005.1
MinimumVisualStudioVersion = 10.0.40219.1
Project("{FAE04EC0-301F-11D3-BF4B-00C04F79EFBC}") = "Common", "Stock 1.0\Common\Common.csproj", "{2AF8D350-2E6C-4F87-98AC-3446D57D9888}"
EndProject
Project("{FAE04EC0-301F-11D3-BF4B-00C04F79EFBC}") = "DataAccess", "Stock 1.0\OracleDataAccess\DataAccess.csproj", "{BE5C716F-24BE-4EF5-A5F7-65AF83446F20}"
EndProject
Project("{FAE04EC0-301F-11D3-BF4B-00C04F79EFBC}") = "BusinessRules", "Stock 1.0\BusinessRules\BusinessRules.csproj", "{714D5599-D172-4437-B61F-C548BDFBC024}"
EndProject
Project("{FAE04EC0-301F-11D3-BF4B-00C04F79EFBC}") = "BusinessFacade", "Stock 1.0\BusinessFacade\BusinessFacade.csproj", "{A2643C40-97C7-4BC5-A5CB-AFBDF17EB184}"
EndProject
Project("{FAE04EC0-301F-11D3-BF4B-00C04F79EFBC}") = "StockWeb", "StockWeb\StockWeb.csproj", "{FA890AB9-4C1A-4A3D-A7D5-DF65F584546B}"
EndProject
Project("{FAE04EC0-301F-11D3-BF4B-00C04F79EFBC}") = "StockJob", "StockJob\StockJob.csproj", "{B9E4D47B-1AB5-4DDF-AAA0-E654896EAA52}"
EndProject
Project("{FAE04EC0-301F-11D3-BF4B-00C04F79EFBC}") = "SendEmail", "SendEmail\SendEmail.csproj", "{C893EB74-40C7-404D-A754-B2D397166119}"
EndProject
Project("{FAE04EC0-301F-11D3-BF4B-00C04F79EFBC}") = "BigBrother", "BigBrother\BigBrother.csproj", "{1EC10425-EA43-48CA-8F2C-F848BF204C89}"
EndProject
Global
	GlobalSection(SolutionConfigurationPlatforms) = preSolution
		Debug|Any CPU = Debug|Any CPU
		Release|Any CPU = Release|Any CPU
	EndGlobalSection
	GlobalSection(ProjectConfigurationPlatforms) = postSolution
		{2AF8D350-2E6C-4F87-98AC-3446D57D9888}.Debug|Any CPU.ActiveCfg = Debug|Any CPU
		{2AF8D350-2E6C-4F87-98AC-3446D57D9888}.Debug|Any CPU.Build.0 = Debug|Any CPU
		{2AF8D350-2E6C-4F87-98AC-3446D57D9888}.Release|Any CPU.ActiveCfg = Release|Any CPU
		{2AF8D350-2E6C-4F87-98AC-3446D57D9888}.Release|Any CPU.Build.0 = Release|Any CPU
		{BE5C716F-24BE-4EF5-A5F7-65AF83446F20}.Debug|Any CPU.ActiveCfg = Debug|Any CPU
		{BE5C716F-24BE-4EF5-A5F7-65AF83446F20}.Debug|Any CPU.Build.0 = Debug|Any CPU
		{BE5C716F-24BE-4EF5-A5F7-65AF83446F20}.Release|Any CPU.ActiveCfg = Release|Any CPU
		{BE5C716F-24BE-4EF5-A5F7-65AF83446F20}.Release|Any CPU.Build.0 = Release|Any CPU
		{714D5599-D172-4437-B61F-C548BDFBC024}.Debug|Any CPU.ActiveCfg = Debug|Any CPU
		{714D5599-D172-4437-B61F-C548BDFBC024}.Debug|Any CPU.Build.0 = Debug|Any CPU
		{714D5599-D172-4437-B61F-C548BDFBC024}.Release|Any CPU.ActiveCfg = Release|Any CPU
		{714D5599-D172-4437-B61F-C548BDFBC024}.Release|Any CPU.Build.0 = Release|Any CPU
		{A2643C40-97C7-4BC5-A5CB-AFBDF17EB184}.Debug|Any CPU.ActiveCfg = Debug|Any CPU
		{A2643C40-97C7-4BC5-A5CB-AFBDF17EB184}.Debug|Any CPU.Build.0 = Debug|Any CPU
		{A2643C40-97C7-4BC5-A5CB-AFBDF17EB184}.Release|Any CPU.ActiveCfg = Release|Any CPU
		{A2643C40-97C7-4BC5-A5CB-AFBDF17EB184}.Release|Any CPU.Build.0 = Release|Any CPU
		{FA890AB9-4C1A-4A3D-A7D5-DF65F584546B}.Debug|Any CPU.ActiveCfg = Debug|Any CPU
		{FA890AB9-4C1A-4A3D-A7D5-DF65F584546B}.Debug|Any CPU.Build.0 = Debug|Any CPU
		{FA890AB9-4C1A-4A3D-A7D5-DF65F584546B}.Release|Any CPU.ActiveCfg = Release|Any CPU
		{FA890AB9-4C1A-4A3D-A7D5-DF65F584546B}.Release|Any CPU.Build.0 = Release|Any CPU
		{B9E4D47B-1AB5-4DDF-AAA0-E654896EAA52}.Debug|Any CPU.ActiveCfg = Debug|Any CPU
		{B9E4D47B-1AB5-4DDF-AAA0-E654896EAA52}.Debug|Any CPU.Build.0 = Debug|Any CPU
		{B9E4D47B-1AB5-4DDF-AAA0-E654896EAA52}.Release|Any CPU.ActiveCfg = Release|Any CPU
		{B9E4D47B-1AB5-4DDF-AAA0-E654896EAA52}.Release|Any CPU.Build.0 = Release|Any CPU
		{C893EB74-40C7-404D-A754-B2D397166119}.Debug|Any CPU.ActiveCfg = Debug|Any CPU
		{C893EB74-40C7-404D-A754-B2D397166119}.Debug|Any CPU.Build.0 = Debug|Any CPU
		{C893EB74-40C7-404D-A754-B2D397166119}.Release|Any CPU.ActiveCfg = Release|Any CPU
		{C893EB74-40C7-404D-A754-B2D397166119}.Release|Any CPU.Build.0 = Release|Any CPU
		{1EC10425-EA43-48CA-8F2C-F848BF204C89}.Debug|Any CPU.ActiveCfg = Debug|Any CPU
		{1EC10425-EA43-48CA-8F2C-F848BF204C89}.Debug|Any CPU.Build.0 = Debug|Any CPU
		{1EC10425-EA43-48CA-8F2C-F848BF204C89}.Release|Any CPU.ActiveCfg = Release|Any CPU
		{1EC10425-EA43-48CA-8F2C-F848BF204C89}.Release|Any CPU.Build.0 = Release|Any CPU
	EndGlobalSection
	GlobalSection(SolutionProperties) = preSolution
		HideSolutionNode = FALSE
	EndGlobalSection
EndGlobal
